// !$*UTF8*$!
{
	archiveVersion = 1;
	classes = {
	};
	objectVersion = 46;
	objects = {

/* Begin PBXBuildFile section */
		2BF4FF501F6CCC7A000E185C /* AppDelegate.swift in Sources */ = {isa = PBXBuildFile; fileRef = 2BF4FF4F1F6CCC7A000E185C /* AppDelegate.swift */; };
		2BF4FF521F6CCC7A000E185C /* ViewController.swift in Sources */ = {isa = PBXBuildFile; fileRef = 2BF4FF511F6CCC7A000E185C /* ViewController.swift */; };
		2BF4FF551F6CCC7A000E185C /* Main.storyboard in Resources */ = {isa = PBXBuildFile; fileRef = 2BF4FF531F6CCC7A000E185C /* Main.storyboard */; };
		2BF4FF571F6CCC7A000E185C /* Assets.xcassets in Resources */ = {isa = PBXBuildFile; fileRef = 2BF4FF561F6CCC7A000E185C /* Assets.xcassets */; };
		2BF4FF5A1F6CCC7A000E185C /* LaunchScreen.storyboard in Resources */ = {isa = PBXBuildFile; fileRef = 2BF4FF581F6CCC7A000E185C /* LaunchScreen.storyboard */; };
/* End PBXBuildFile section */

/* Begin PBXFileReference section */
		2BF4FF4C1F6CCC7A000E185C /* HTN.app */ = {isa = PBXFileReference; explicitFileType = wrapper.application; includeInIndex = 0; path = HTN.app; sourceTree = BUILT_PRODUCTS_DIR; };
		2BF4FF4F1F6CCC7A000E185C /* AppDelegate.swift */ = {isa = PBXFileReference; lastKnownFileType = sourcecode.swift; path = AppDelegate.swift; sourceTree = "<group>"; };
		2BF4FF511F6CCC7A000E185C /* ViewController.swift */ = {isa = PBXFileReference; lastKnownFileType = sourcecode.swift; path = ViewController.swift; sourceTree = "<group>"; };
		2BF4FF541F6CCC7A000E185C /* Base */ = {isa = PBXFileReference; lastKnownFileType = file.storyboard; name = Base; path = Base.lproj/Main.storyboard; sourceTree = "<group>"; };
		2BF4FF561F6CCC7A000E185C /* Assets.xcassets */ = {isa = PBXFileReference; lastKnownFileType = folder.assetcatalog; path = Assets.xcassets; sourceTree = "<group>"; };
		2BF4FF591F6CCC7A000E185C /* Base */ = {isa = PBXFileReference; lastKnownFileType = file.storyboard; name = Base; path = Base.lproj/LaunchScreen.storyboard; sourceTree = "<group>"; };
		2BF4FF5B1F6CCC7A000E185C /* Info.plist */ = {isa = PBXFileReference; lastKnownFileType = text.plist.xml; path = Info.plist; sourceTree = "<group>"; };
/* End PBXFileReference section */

/* Begin PBXFrameworksBuildPhase section */
		2BF4FF491F6CCC7A000E185C /* Frameworks */ = {
			isa = PBXFrameworksBuildPhase;
			buildActionMask = 2147483647;
			files = (
			);
			runOnlyForDeploymentPostprocessing = 0;
		};
/* End PBXFrameworksBuildPhase section */

/* Begin PBXGroup section */
		2BF4FF431F6CCC7A000E185C = {
			isa = PBXGroup;
			children = (
				2BF4FF4E1F6CCC7A000E185C /* HTN */,
				2BF4FF4D1F6CCC7A000E185C /* Products */,
			);
			sourceTree = "<group>";
		};
		2BF4FF4D1F6CCC7A000E185C /* Products */ = {
			isa = PBXGroup;
			children = (
				2BF4FF4C1F6CCC7A000E185C /* HTN.app */,
			);
			name = Products;
			sourceTree = "<group>";
		};
		2BF4FF4E1F6CCC7A000E185C /* HTN */ = {
			isa = PBXGroup;
			children = (
				2BF4FF4F1F6CCC7A000E185C /* AppDelegate.swift */,
				2BF4FF511F6CCC7A000E185C /* ViewController.swift */,
				2BF4FF531F6CCC7A000E185C /* Main.storyboard */,
				2BF4FF561F6CCC7A000E185C /* Assets.xcassets */,
				2BF4FF581F6CCC7A000E185C /* LaunchScreen.storyboard */,
				2BF4FF5B1F6CCC7A000E185C /* Info.plist */,
			);
			path = HTN;
			sourceTree = "<group>";
		};
/* End PBXGroup section */

/* Begin PBXNativeTarget section */
		2BF4FF4B1F6CCC7A000E185C /* HTN */ = {
			isa = PBXNativeTarget;
			buildConfigurationList = 2BF4FF5E1F6CCC7A000E185C /* Build configuration list for PBXNativeTarget "HTN" */;
			buildPhases = (
				2BF4FF481F6CCC7A000E185C /* Sources */,
				2BF4FF491F6CCC7A000E185C /* Frameworks */,
				2BF4FF4A1F6CCC7A000E185C /* Resources */,
			);
			buildRules = (
			);
			dependencies = (
			);
			name = HTN;
			productName = HTN;
			productReference = 2BF4FF4C1F6CCC7A000E185C /* HTN.app */;
			productType = "com.apple.product-type.application";
		};
/* End PBXNativeTarget section */

/* Begin PBXProject section */
		2BF4FF441F6CCC7A000E185C /* Project object */ = {
			isa = PBXProject;
			attributes = {
				LastSwiftUpdateCheck = 0830;
				LastUpgradeCheck = 0830;
				ORGANIZATIONNAME = ziyincody;
				TargetAttributes = {
					2BF4FF4B1F6CCC7A000E185C = {
						CreatedOnToolsVersion = 8.3.2;
						ProvisioningStyle = Automatic;
					};
				};
			};
			buildConfigurationList = 2BF4FF471F6CCC7A000E185C /* Build configuration list for PBXProject "HTN" */;
			compatibilityVersion = "Xcode 3.2";
			developmentRegion = English;
			hasScannedForEncodings = 0;
			knownRegions = (
				en,
				Base,
			);
			mainGroup = 2BF4FF431F6CCC7A000E185C;
			productRefGroup = 2BF4FF4D1F6CCC7A000E185C /* Products */;
			projectDirPath = "";
			projectRoot = "";
			targets = (
				2BF4FF4B1F6CCC7A000E185C /* HTN */,
			);
		};
/* End PBXProject section */

/* Begin PBXResourcesBuildPhase section */
		2BF4FF4A1F6CCC7A000E185C /* Resources */ = {
			isa = PBXResourcesBuildPhase;
			buildActionMask = 2147483647;
			files = (
				2BF4FF5A1F6CCC7A000E185C /* LaunchScreen.storyboard in Resources */,
				2BF4FF571F6CCC7A000E185C /* Assets.xcassets in Resources */,
				2BF4FF551F6CCC7A000E185C /* Main.storyboard in Resources */,
			);
			runOnlyForDeploymentPostprocessing = 0;
		};
/* End PBXResourcesBuildPhase section */

/* Begin PBXSourcesBuildPhase section */
		2BF4FF481F6CCC7A000E185C /* Sources */ = {
			isa = PBXSourcesBuildPhase;
			buildActionMask = 2147483647;
			files = (
				2BF4FF521F6CCC7A000E185C /* ViewController.swift in Sources */,
				2BF4FF501F6CCC7A000E185C /* AppDelegate.swift in Sources */,
			);
			runOnlyForDeploymentPostprocessing = 0;
		};
/* End PBXSourcesBuildPhase section */

/* Begin PBXVariantGroup section */
		2BF4FF531F6CCC7A000E185C /* Main.storyboard */ = {
			isa = PBXVariantGroup;
			children = (
				2BF4FF541F6CCC7A000E185C /* Base */,
			);
			name = Main.storyboard;
			sourceTree = "<group>";
		};
		2BF4FF581F6CCC7A000E185C /* LaunchScreen.storyboard */ = {
			isa = PBXVariantGroup;
			children = (
				2BF4FF591F6CCC7A000E185C /* Base */,
			);
			name = LaunchScreen.storyboard;
			sourceTree = "<group>";
		};
/* End PBXVariantGroup section */

/* Begin XCBuildConfiguration section */
		2BF4FF5C1F6CCC7A000E185C /* Debug */ = {
			isa = XCBuildConfiguration;
			buildSettings = {
				ALWAYS_SEARCH_USER_PATHS = NO;
				CLANG_ANALYZER_NONNULL = YES;
				CLANG_ANALYZER_NUMBER_OBJECT_CONVERSION = YES_AGGRESSIVE;
				CLANG_CXX_LANGUAGE_STANDARD = "gnu++0x";
				CLANG_CXX_LIBRARY = "libc++";
				CLANG_ENABLE_MODULES = YES;
				CLANG_ENABLE_OBJC_ARC = YES;
				CLANG_WARN_BOOL_CONVERSION = YES;
				CLANG_WARN_CONSTANT_CONVERSION = YES;
				CLANG_WARN_DIRECT_OBJC_ISA_USAGE = YES_ERROR;
				CLANG_WARN_DOCUMENTATION_COMMENTS = YES;
				CLANG_WARN_EMPTY_BODY = YES;
				CLANG_WARN_ENUM_CONVERSION = YES;
				CLANG_WARN_INFINITE_RECURSION = YES;
				CLANG_WARN_INT_CONVERSION = YES;
				CLANG_WARN_OBJC_ROOT_CLASS = YES_ERROR;
				CLANG_WARN_SUSPICIOUS_MOVE = YES;
				CLANG_WARN_UNREACHABLE_CODE = YES;
				CLANG_WARN__DUPLICATE_METHOD_MATCH = YES;
				"CODE_SIGN_IDENTITY[sdk=iphoneos*]" = "iPhone Developer";
				COPY_PHASE_STRIP = NO;
				DEBUG_INFORMATION_FORMAT = dwarf;
				ENABLE_STRICT_OBJC_MSGSEND = YES;
				ENABLE_TESTABILITY = YES;
				GCC_C_LANGUAGE_STANDARD = gnu99;
				GCC_DYNAMIC_NO_PIC = NO;
				GCC_NO_COMMON_BLOCKS = YES;
				GCC_OPTIMIZATION_LEVEL = 0;
				GCC_PREPROCESSOR_DEFINITIONS = (
					"DEBUG=1",
					"$(inherited)",
				);
				GCC_WARN_64_TO_32_BIT_CONVERSION = YES;
				GCC_WARN_ABOUT_RETURN_TYPE = YES_ERROR;
				GCC_WARN_UNDECLARED_SELECTOR = YES;
				GCC_WARN_UNINITIALIZED_AUTOS = YES_AGGRESSIVE;
				GCC_WARN_UNUSED_FUNCTION = YES;
				GCC_WARN_UNUSED_VARIABLE = YES;
				IPHONEOS_DEPLOYMENT_TARGET = 10.3;
				MTL_ENABLE_DEBUG_INFO = YES;
				ONLY_ACTIVE_ARCH = YES;
				SDKROOT = iphoneos;
				SWIFT_ACTIVE_COMPILATION_CONDITIONS = DEBUG;
				SWIFT_OPTIMIZATION_LEVEL = "-Onone";
			};
			name = Debug;
		};
		2BF4FF5D1F6CCC7A000E185C /* Release */ = {
			isa = XCBuildConfiguration;
			buildSettings = {
				ALWAYS_SEARCH_USER_PATHS = NO;
				CLANG_ANALYZER_NONNULL = YES;
				CLANG_ANALYZER_NUMBER_OBJECT_CONVERSION = YES_AGGRESSIVE;
				CLANG_CXX_LANGUAGE_STANDARD = "gnu++0x";
				CLANG_CXX_LIBRARY = "libc++";
				CLANG_ENABLE_MODULES = YES;
				CLANG_ENABLE_OBJC_ARC = YES;
				CLANG_WARN_BOOL_CONVERSION = YES;
				CLANG_WARN_CONSTANT_CONVERSION = YES;
				CLANG_WARN_DIRECT_OBJC_ISA_USAGE = YES_ERROR;
				CLANG_WARN_DOCUMENTATION_COMMENTS = YES;
				CLANG_WARN_EMPTY_BODY = YES;
				CLANG_WARN_ENUM_CONVERSION = YES;
				CLANG_WARN_INFINITE_RECURSION = YES;
				CLANG_WARN_INT_CONVERSION = YES;
				CLANG_WARN_OBJC_ROOT_CLASS = YES_ERROR;
				CLANG_WARN_SUSPICIOUS_MOVE = YES;
				CLANG_WARN_UNREACHABLE_CODE = YES;
				CLANG_WARN__DUPLICATE_METHOD_MATCH = YES;
				"CODE_SIGN_IDENTITY[sdk=iphoneos*]" = "iPhone Developer";
				COPY_PHASE_STRIP = NO;
				DEBUG_INFORMATION_FORMAT = "dwarf-with-dsym";
				ENABLE_NS_ASSERTIONS = NO;
				ENABLE_STRICT_OBJC_MSGSEND = YES;
				GCC_C_LANGUAGE_STANDARD = gnu99;
				GCC_NO_COMMON_BLOCKS = YES;
				GCC_WARN_64_TO_32_BIT_CONVERSION = YES;
				GCC_WARN_ABOUT_RETURN_TYPE = YES_ERROR;
				GCC_WARN_UNDECLARED_SELECTOR = YES;
				GCC_WARN_UNINITIALIZED_AUTOS = YES_AGGRESSIVE;
				GCC_WARN_UNUSED_FUNCTION = YES;
				GCC_WARN_UNUSED_VARIABLE = YES;
				IPHONEOS_DEPLOYMENT_TARGET = 10.3;
				MTL_ENABLE_DEBUG_INFO = NO;
				SDKROOT = iphoneos;
				SWIFT_OPTIMIZATION_LEVEL = "-Owholemodule";
				VALIDATE_PRODUCT = YES;
			};
			name = Release;
		};
		2BF4FF5F1F6CCC7A000E185C /* Debug */ = {
			isa = XCBuildConfiguration;
			buildSettings = {
				ASSETCATALOG_COMPILER_APPICON_NAME = AppIcon;
				INFOPLIST_FILE = HTN/Info.plist;
				LD_RUNPATH_SEARCH_PATHS = "$(inherited) @executable_path/Frameworks";
				PRODUCT_BUNDLE_IDENTIFIER = ziyincody.HTN;
				PRODUCT_NAME = "$(TARGET_NAME)";
				SWIFT_VERSION = 3.0;
			};
			name = Debug;
		};
		2BF4FF601F6CCC7A000E185C /* Release */ = {
			isa = XCBuildConfiguration;
			buildSettings = {
				ASSETCATALOG_COMPILER_APPICON_NAME = AppIcon;
				INFOPLIST_FILE = HTN/Info.plist;
				LD_RUNPATH_SEARCH_PATHS = "$(inherited) @executable_path/Frameworks";
				PRODUCT_BUNDLE_IDENTIFIER = ziyincody.HTN;
				PRODUCT_NAME = "$(TARGET_NAME)";
				SWIFT_VERSION = 3.0;
			};
			name = Release;
		};
/* End XCBuildConfiguration section */

/* Begin XCConfigurationList section */
		2BF4FF471F6CCC7A000E185C /* Build configuration list for PBXProject "HTN" */ = {
			isa = XCConfigurationList;
			buildConfigurations = (
				2BF4FF5C1F6CCC7A000E185C /* Debug */,
				2BF4FF5D1F6CCC7A000E185C /* Release */,
			);
			defaultConfigurationIsVisible = 0;
			defaultConfigurationName = Release;
		};
		2BF4FF5E1F6CCC7A000E185C /* Build configuration list for PBXNativeTarget "HTN" */ = {
			isa = XCConfigurationList;
			buildConfigurations = (
				2BF4FF5F1F6CCC7A000E185C /* Debug */,
				2BF4FF601F6CCC7A000E185C /* Release */,
			);
			defaultConfigurationIsVisible = 0;
		};
/* End XCConfigurationList section */
	};
	rootObject = 2BF4FF441F6CCC7A000E185C /* Project object */;
}
